<?xml version="1.0" encoding="utf-8"?>
<Project ToolsVersion="4.0" xmlns="http://schemas.microsoft.com/developer/msbuild/2003">
  <ItemGroup>
    <ClCompile Include="src\pch.cpp" />
    <ClCompile Include="src\main.cpp" />
    <ClCompile Include="src\platform\window.cpp" />
    <ClCompile Include="src\core\app.cpp" />
    <ClCompile Include="src\rendering\renderer.cpp" />
    <ClCompile Include="src\rendering\shader.cpp" />
    <ClCompile Include="src\graphics\mesh.cpp" />
    <ClCompile Include="src\graphics\camera.cpp" />
    <ClCompile Include="src\rendering\billboard_renderer.cpp" />
    <ClCompile Include="src\particle\cpu_particle_system.cpp" />
  </ItemGroup>
  <ItemGroup>
    <ClInclude Include="src\pch.h" />
    <ClInclude Include="src\platform\window.h" />
    <ClInclude Include="src\core\app.h" />
    <ClInclude Include="src\rendering\renderer.h" />
    <ClInclude Include="src\rendering\shader.h" />
    <ClInclude Include="src\graphics\mesh.h" />
    <ClInclude Include="src\graphics\camera.h" />
    <ClInclude Include="src\rendering\billboard_renderer.h" />
    <ClInclude Include="src\particle\cpu_particle_system.h" />
  </ItemGroup>
  <ItemGroup>
    <FxCompile Include="shaders\VertexShader.hlsl" />
    <FxCompile Include="shaders\PixelShader.hlsl" />
    <FxCompile Include="shaders\BillboardVertexShader.hlsl" />
    <FxCompile Include="shaders\BillboardPixelShader.hlsl" />
  </ItemGroup>
</Project>